
Microsoft Visual Studio Solution File, Format Version 12.00
# Visual Studio Version 17
VisualStudioVersion = 17.11.35312.102
MinimumVisualStudioVersion = 10.0.40219.1
Project("{9A19103F-16F7-4668-BE54-9A1E7A4F7556}") = "SFMSSolution.API", "SFMS.API\SFMSSolution.API.csproj", "{1604701D-FC4B-4841-A5AD-89FED8E1B990}"
EndProject
Project("{9A19103F-16F7-4668-BE54-9A1E7A4F7556}") = "SFMSSolution.Domain", "SFMSSolution.Domain\SFMSSolution.Domain.csproj", "{EF4B263E-C49E-4C6B-A072-269B7199A9B0}"
EndProject
Project("{9A19103F-16F7-4668-BE54-9A1E7A4F7556}") = "SFMSSolution.Application", "SFMSSolution.Application\SFMSSolution.Application.csproj", "{3F47FA1C-8C6F-4849-8C02-CC9A41043FAE}"
EndProject
Project("{9A19103F-16F7-4668-BE54-9A1E7A4F7556}") = "SFMSSolution.Infrastructure", "SFMSSolution.Infrastructure\SFMSSolution.Infrastructure.csproj", "{1849DF99-06E6-4C6F-875D-E3B2FCE551DF}"
EndProject
Project("{FAE04EC0-301F-11D3-BF4B-00C04F79EFBC}") = "SFMS.UnitTest", "SFMS.UnitTest\SFMS.UnitTest.csproj", "{F9EBDC5F-6F22-425A-A7A1-70585C9AE8EC}"
EndProject
Global
	GlobalSection(SolutionConfigurationPlatforms) = preSolution
		Debug|Any CPU = Debug|Any CPU
		Release|Any CPU = Release|Any CPU
	EndGlobalSection
	GlobalSection(ProjectConfigurationPlatforms) = postSolution
		{1604701D-FC4B-4841-A5AD-89FED8E1B990}.Debug|Any CPU.ActiveCfg = Debug|Any CPU
		{1604701D-FC4B-4841-A5AD-89FED8E1B990}.Debug|Any CPU.Build.0 = Debug|Any CPU
		{1604701D-FC4B-4841-A5AD-89FED8E1B990}.Release|Any CPU.ActiveCfg = Release|Any CPU
		{1604701D-FC4B-4841-A5AD-89FED8E1B990}.Release|Any CPU.Build.0 = Release|Any CPU
		{EF4B263E-C49E-4C6B-A072-269B7199A9B0}.Debug|Any CPU.ActiveCfg = Debug|Any CPU
		{EF4B263E-C49E-4C6B-A072-269B7199A9B0}.Debug|Any CPU.Build.0 = Debug|Any CPU
		{EF4B263E-C49E-4C6B-A072-269B7199A9B0}.Release|Any CPU.ActiveCfg = Release|Any CPU
		{EF4B263E-C49E-4C6B-A072-269B7199A9B0}.Release|Any CPU.Build.0 = Release|Any CPU
		{3F47FA1C-8C6F-4849-8C02-CC9A41043FAE}.Debug|Any CPU.ActiveCfg = Debug|Any CPU
		{3F47FA1C-8C6F-4849-8C02-CC9A41043FAE}.Debug|Any CPU.Build.0 = Debug|Any CPU
		{3F47FA1C-8C6F-4849-8C02-CC9A41043FAE}.Release|Any CPU.ActiveCfg = Release|Any CPU
		{3F47FA1C-8C6F-4849-8C02-CC9A41043FAE}.Release|Any CPU.Build.0 = Release|Any CPU
		{1849DF99-06E6-4C6F-875D-E3B2FCE551DF}.Debug|Any CPU.ActiveCfg = Debug|Any CPU
		{1849DF99-06E6-4C6F-875D-E3B2FCE551DF}.Debug|Any CPU.Build.0 = Debug|Any CPU
		{1849DF99-06E6-4C6F-875D-E3B2FCE551DF}.Release|Any CPU.ActiveCfg = Release|Any CPU
		{1849DF99-06E6-4C6F-875D-E3B2FCE551DF}.Release|Any CPU.Build.0 = Release|Any CPU
		{F9EBDC5F-6F22-425A-A7A1-70585C9AE8EC}.Debug|Any CPU.ActiveCfg = Debug|Any CPU
		{F9EBDC5F-6F22-425A-A7A1-70585C9AE8EC}.Debug|Any CPU.Build.0 = Debug|Any CPU
		{F9EBDC5F-6F22-425A-A7A1-70585C9AE8EC}.Release|Any CPU.ActiveCfg = Release|Any CPU
		{F9EBDC5F-6F22-425A-A7A1-70585C9AE8EC}.Release|Any CPU.Build.0 = Release|Any CPU
	EndGlobalSection
	GlobalSection(SolutionProperties) = preSolution
		HideSolutionNode = FALSE
	EndGlobalSection
	GlobalSection(ExtensibilityGlobals) = postSolution
		SolutionGuid = {3A263788-4887-4967-B993-55B923881BDF}
	EndGlobalSection
EndGlobal
